
Microsoft Visual Studio Solution File, Format Version 12.00
# Visual Studio Version 17
VisualStudioVersion = 17.9.34728.123
MinimumVisualStudioVersion = 10.0.40219.1
Project("{9A19103F-16F7-4668-BE54-9A1E7A4F7556}") = "Learning", "NetWork 1\Learning.csproj", "{C6963C8C-477E-414F-8EAD-73714AE14BD9}"
EndProject
Project("{FAE04EC0-301F-11D3-BF4B-00C04F79EFBC}") = "Number Recognition", "Number Recognition\Number Recognition.csproj", "{8E210D74-3225-48EC-939C-79C0D58D420B}"
EndProject
Global
	GlobalSection(SolutionConfigurationPlatforms) = preSolution
		Debug|Any CPU = Debug|Any CPU
		Release|Any CPU = Release|Any CPU
	EndGlobalSection
	GlobalSection(ProjectConfigurationPlatforms) = postSolution
		{C6963C8C-477E-414F-8EAD-73714AE14BD9}.Debug|Any CPU.ActiveCfg = Debug|Any CPU
		{C6963C8C-477E-414F-8EAD-73714AE14BD9}.Debug|Any CPU.Build.0 = Debug|Any CPU
		{C6963C8C-477E-414F-8EAD-73714AE14BD9}.Release|Any CPU.ActiveCfg = Release|Any CPU
		{C6963C8C-477E-414F-8EAD-73714AE14BD9}.Release|Any CPU.Build.0 = Release|Any CPU
		{8E210D74-3225-48EC-939C-79C0D58D420B}.Debug|Any CPU.ActiveCfg = Debug|Any CPU
		{8E210D74-3225-48EC-939C-79C0D58D420B}.Debug|Any CPU.Build.0 = Debug|Any CPU
		{8E210D74-3225-48EC-939C-79C0D58D420B}.Release|Any CPU.ActiveCfg = Release|Any CPU
		{8E210D74-3225-48EC-939C-79C0D58D420B}.Release|Any CPU.Build.0 = Release|Any CPU
	EndGlobalSection
	GlobalSection(SolutionProperties) = preSolution
		HideSolutionNode = FALSE
	EndGlobalSection
	GlobalSection(ExtensibilityGlobals) = postSolution
		SolutionGuid = {8F791BF5-9033-40EE-930A-2E7B6BDB5351}
	EndGlobalSection
EndGlobal
